// !$*UTF8*$!
{
	archiveVersion = 1;
	classes = {
	};
	objectVersion = 50;
	objects = {

/* Begin PBXBuildFile section */
		6A8EC34B26306C4D0042A034 /* swiftscrobbleApp.swift in Sources */ = {isa = PBXBuildFile; fileRef = 6A8EC34A26306C4D0042A034 /* swiftscrobbleApp.swift */; };
		6A8EC34D26306C4D0042A034 /* ContentView.swift in Sources */ = {isa = PBXBuildFile; fileRef = 6A8EC34C26306C4D0042A034 /* ContentView.swift */; };
		6A8EC34F26306C4E0042A034 /* Assets.xcassets in Resources */ = {isa = PBXBuildFile; fileRef = 6A8EC34E26306C4E0042A034 /* Assets.xcassets */; };
		6A8EC35226306C4E0042A034 /* Preview Assets.xcassets in Resources */ = {isa = PBXBuildFile; fileRef = 6A8EC35126306C4E0042A034 /* Preview Assets.xcassets */; };
		6A8EC35E26306C4E0042A034 /* swiftscrobbleTests.swift in Sources */ = {isa = PBXBuildFile; fileRef = 6A8EC35D26306C4E0042A034 /* swiftscrobbleTests.swift */; };
		6A8EC36926306C4E0042A034 /* swiftscrobbleUITests.swift in Sources */ = {isa = PBXBuildFile; fileRef = 6A8EC36826306C4E0042A034 /* swiftscrobbleUITests.swift */; };
		6A8EC37B263097960042A034 /* scrob.py in Resources */ = {isa = PBXBuildFile; fileRef = 6A8EC37A263097960042A034 /* scrob.py */; };
		6A8EC380263098910042A034 /* pylast.py in Resources */ = {isa = PBXBuildFile; fileRef = 6A8EC37F263098910042A034 /* pylast.py */; };
/* End PBXBuildFile section */

/* Begin PBXContainerItemProxy section */
		6A8EC35A26306C4E0042A034 /* PBXContainerItemProxy */ = {
			isa = PBXContainerItemProxy;
			containerPortal = 6A8EC33F26306C4D0042A034 /* Project object */;
			proxyType = 1;
			remoteGlobalIDString = 6A8EC34626306C4D0042A034;
			remoteInfo = swiftscrobble;
		};
		6A8EC36526306C4E0042A034 /* PBXContainerItemProxy */ = {
			isa = PBXContainerItemProxy;
			containerPortal = 6A8EC33F26306C4D0042A034 /* Project object */;
			proxyType = 1;
			remoteGlobalIDString = 6A8EC34626306C4D0042A034;
			remoteInfo = swiftscrobble;
		};
/* End PBXContainerItemProxy section */

/* Begin PBXFileReference section */
		6A8EC34726306C4D0042A034 /* swiftscrobble.app */ = {isa = PBXFileReference; explicitFileType = wrapper.application; includeInIndex = 0; path = swiftscrobble.app; sourceTree = BUILT_PRODUCTS_DIR; };
		6A8EC34A26306C4D0042A034 /* swiftscrobbleApp.swift */ = {isa = PBXFileReference; lastKnownFileType = sourcecode.swift; path = swiftscrobbleApp.swift; sourceTree = "<group>"; };
		6A8EC34C26306C4D0042A034 /* ContentView.swift */ = {isa = PBXFileReference; lastKnownFileType = sourcecode.swift; path = ContentView.swift; sourceTree = "<group>"; };
		6A8EC34E26306C4E0042A034 /* Assets.xcassets */ = {isa = PBXFileReference; lastKnownFileType = folder.assetcatalog; path = Assets.xcassets; sourceTree = "<group>"; };
		6A8EC35126306C4E0042A034 /* Preview Assets.xcassets */ = {isa = PBXFileReference; lastKnownFileType = folder.assetcatalog; path = "Preview Assets.xcassets"; sourceTree = "<group>"; };
		6A8EC35326306C4E0042A034 /* Info.plist */ = {isa = PBXFileReference; lastKnownFileType = text.plist.xml; path = Info.plist; sourceTree = "<group>"; };
		6A8EC35426306C4E0042A034 /* swiftscrobble.entitlements */ = {isa = PBXFileReference; lastKnownFileType = text.plist.entitlements; path = swiftscrobble.entitlements; sourceTree = "<group>"; };
		6A8EC35926306C4E0042A034 /* swiftscrobbleTests.xctest */ = {isa = PBXFileReference; explicitFileType = wrapper.cfbundle; includeInIndex = 0; path = swiftscrobbleTests.xctest; sourceTree = BUILT_PRODUCTS_DIR; };
		6A8EC35D26306C4E0042A034 /* swiftscrobbleTests.swift */ = {isa = PBXFileReference; lastKnownFileType = sourcecode.swift; path = swiftscrobbleTests.swift; sourceTree = "<group>"; };
		6A8EC35F26306C4E0042A034 /* Info.plist */ = {isa = PBXFileReference; lastKnownFileType = text.plist.xml; path = Info.plist; sourceTree = "<group>"; };
		6A8EC36426306C4E0042A034 /* swiftscrobbleUITests.xctest */ = {isa = PBXFileReference; explicitFileType = wrapper.cfbundle; includeInIndex = 0; path = swiftscrobbleUITests.xctest; sourceTree = BUILT_PRODUCTS_DIR; };
		6A8EC36826306C4E0042A034 /* swiftscrobbleUITests.swift */ = {isa = PBXFileReference; lastKnownFileType = sourcecode.swift; path = swiftscrobbleUITests.swift; sourceTree = "<group>"; };
		6A8EC36A26306C4E0042A034 /* Info.plist */ = {isa = PBXFileReference; lastKnownFileType = text.plist.xml; path = Info.plist; sourceTree = "<group>"; };
		6A8EC37A263097960042A034 /* scrob.py */ = {isa = PBXFileReference; fileEncoding = 4; lastKnownFileType = text.script.python; path = scrob.py; sourceTree = "<group>"; };
		6A8EC37F263098910042A034 /* pylast.py */ = {isa = PBXFileReference; fileEncoding = 4; lastKnownFileType = text.script.python; path = pylast.py; sourceTree = "<group>"; };
/* End PBXFileReference section */

/* Begin PBXFrameworksBuildPhase section */
		6A8EC34426306C4D0042A034 /* Frameworks */ = {
			isa = PBXFrameworksBuildPhase;
			buildActionMask = 2147483647;
			files = (
			);
			runOnlyForDeploymentPostprocessing = 0;
		};
		6A8EC35626306C4E0042A034 /* Frameworks */ = {
			isa = PBXFrameworksBuildPhase;
			buildActionMask = 2147483647;
			files = (
			);
			runOnlyForDeploymentPostprocessing = 0;
		};
		6A8EC36126306C4E0042A034 /* Frameworks */ = {
			isa = PBXFrameworksBuildPhase;
			buildActionMask = 2147483647;
			files = (
			);
			runOnlyForDeploymentPostprocessing = 0;
		};
/* End PBXFrameworksBuildPhase section */

/* Begin PBXGroup section */
		6A8EC33E26306C4D0042A034 = {
			isa = PBXGroup;
			children = (
				6A8EC37A263097960042A034 /* scrob.py */,
				6A8EC37F263098910042A034 /* pylast.py */,
				6A8EC34926306C4D0042A034 /* swiftscrobble */,
				6A8EC35C26306C4E0042A034 /* swiftscrobbleTests */,
				6A8EC36726306C4E0042A034 /* swiftscrobbleUITests */,
				6A8EC34826306C4D0042A034 /* Products */,
			);
			sourceTree = "<group>";
		};
		6A8EC34826306C4D0042A034 /* Products */ = {
			isa = PBXGroup;
			children = (
				6A8EC34726306C4D0042A034 /* swiftscrobble.app */,
				6A8EC35926306C4E0042A034 /* swiftscrobbleTests.xctest */,
				6A8EC36426306C4E0042A034 /* swiftscrobbleUITests.xctest */,
			);
			name = Products;
			sourceTree = "<group>";
		};
		6A8EC34926306C4D0042A034 /* swiftscrobble */ = {
			isa = PBXGroup;
			children = (
				6A8EC34A26306C4D0042A034 /* swiftscrobbleApp.swift */,
				6A8EC34C26306C4D0042A034 /* ContentView.swift */,
				6A8EC34E26306C4E0042A034 /* Assets.xcassets */,
				6A8EC35326306C4E0042A034 /* Info.plist */,
				6A8EC35426306C4E0042A034 /* swiftscrobble.entitlements */,
				6A8EC35026306C4E0042A034 /* Preview Content */,
			);
			path = swiftscrobble;
			sourceTree = "<group>";
		};
		6A8EC35026306C4E0042A034 /* Preview Content */ = {
			isa = PBXGroup;
			children = (
				6A8EC35126306C4E0042A034 /* Preview Assets.xcassets */,
			);
			path = "Preview Content";
			sourceTree = "<group>";
		};
		6A8EC35C26306C4E0042A034 /* swiftscrobbleTests */ = {
			isa = PBXGroup;
			children = (
				6A8EC35D26306C4E0042A034 /* swiftscrobbleTests.swift */,
				6A8EC35F26306C4E0042A034 /* Info.plist */,
			);
			path = swiftscrobbleTests;
			sourceTree = "<group>";
		};
		6A8EC36726306C4E0042A034 /* swiftscrobbleUITests */ = {
			isa = PBXGroup;
			children = (
				6A8EC36826306C4E0042A034 /* swiftscrobbleUITests.swift */,
				6A8EC36A26306C4E0042A034 /* Info.plist */,
			);
			path = swiftscrobbleUITests;
			sourceTree = "<group>";
		};
/* End PBXGroup section */

/* Begin PBXNativeTarget section */
		6A8EC34626306C4D0042A034 /* swiftscrobble */ = {
			isa = PBXNativeTarget;
			buildConfigurationList = 6A8EC36D26306C4E0042A034 /* Build configuration list for PBXNativeTarget "swiftscrobble" */;
			buildPhases = (
				6A8EC34326306C4D0042A034 /* Sources */,
				6A8EC34426306C4D0042A034 /* Frameworks */,
				6A8EC34526306C4D0042A034 /* Resources */,
			);
			buildRules = (
			);
			dependencies = (
			);
			name = swiftscrobble;
			productName = swiftscrobble;
			productReference = 6A8EC34726306C4D0042A034 /* swiftscrobble.app */;
			productType = "com.apple.product-type.application";
		};
		6A8EC35826306C4E0042A034 /* swiftscrobbleTests */ = {
			isa = PBXNativeTarget;
			buildConfigurationList = 6A8EC37026306C4E0042A034 /* Build configuration list for PBXNativeTarget "swiftscrobbleTests" */;
			buildPhases = (
				6A8EC35526306C4E0042A034 /* Sources */,
				6A8EC35626306C4E0042A034 /* Frameworks */,
				6A8EC35726306C4E0042A034 /* Resources */,
			);
			buildRules = (
			);
			dependencies = (
				6A8EC35B26306C4E0042A034 /* PBXTargetDependency */,
			);
			name = swiftscrobbleTests;
			productName = swiftscrobbleTests;
			productReference = 6A8EC35926306C4E0042A034 /* swiftscrobbleTests.xctest */;
			productType = "com.apple.product-type.bundle.unit-test";
		};
		6A8EC36326306C4E0042A034 /* swiftscrobbleUITests */ = {
			isa = PBXNativeTarget;
			buildConfigurationList = 6A8EC37326306C4E0042A034 /* Build configuration list for PBXNativeTarget "swiftscrobbleUITests" */;
			buildPhases = (
				6A8EC36026306C4E0042A034 /* Sources */,
				6A8EC36126306C4E0042A034 /* Frameworks */,
				6A8EC36226306C4E0042A034 /* Resources */,
			);
			buildRules = (
			);
			dependencies = (
				6A8EC36626306C4E0042A034 /* PBXTargetDependency */,
			);
			name = swiftscrobbleUITests;
			productName = swiftscrobbleUITests;
			productReference = 6A8EC36426306C4E0042A034 /* swiftscrobbleUITests.xctest */;
			productType = "com.apple.product-type.bundle.ui-testing";
		};
/* End PBXNativeTarget section */

/* Begin PBXProject section */
		6A8EC33F26306C4D0042A034 /* Project object */ = {
			isa = PBXProject;
			attributes = {
				LastSwiftUpdateCheck = 1240;
				LastUpgradeCheck = 1240;
				TargetAttributes = {
					6A8EC34626306C4D0042A034 = {
						CreatedOnToolsVersion = 12.4;
					};
					6A8EC35826306C4E0042A034 = {
						CreatedOnToolsVersion = 12.4;
						TestTargetID = 6A8EC34626306C4D0042A034;
					};
					6A8EC36326306C4E0042A034 = {
						CreatedOnToolsVersion = 12.4;
						TestTargetID = 6A8EC34626306C4D0042A034;
					};
				};
			};
			buildConfigurationList = 6A8EC34226306C4D0042A034 /* Build configuration list for PBXProject "swiftscrobble" */;
			compatibilityVersion = "Xcode 9.3";
			developmentRegion = en;
			hasScannedForEncodings = 0;
			knownRegions = (
				en,
				Base,
			);
			mainGroup = 6A8EC33E26306C4D0042A034;
			productRefGroup = 6A8EC34826306C4D0042A034 /* Products */;
			projectDirPath = "";
			projectRoot = "";
			targets = (
				6A8EC34626306C4D0042A034 /* swiftscrobble */,
				6A8EC35826306C4E0042A034 /* swiftscrobbleTests */,
				6A8EC36326306C4E0042A034 /* swiftscrobbleUITests */,
			);
		};
/* End PBXProject section */

/* Begin PBXResourcesBuildPhase section */
		6A8EC34526306C4D0042A034 /* Resources */ = {
			isa = PBXResourcesBuildPhase;
			buildActionMask = 2147483647;
			files = (
				6A8EC35226306C4E0042A034 /* Preview Assets.xcassets in Resources */,
				6A8EC380263098910042A034 /* pylast.py in Resources */,
				6A8EC34F26306C4E0042A034 /* Assets.xcassets in Resources */,
				6A8EC37B263097960042A034 /* scrob.py in Resources */,
			);
			runOnlyForDeploymentPostprocessing = 0;
		};
		6A8EC35726306C4E0042A034 /* Resources */ = {
			isa = PBXResourcesBuildPhase;
			buildActionMask = 2147483647;
			files = (
			);
			runOnlyForDeploymentPostprocessing = 0;
		};
		6A8EC36226306C4E0042A034 /* Resources */ = {
			isa = PBXResourcesBuildPhase;
			buildActionMask = 2147483647;
			files = (
			);
			runOnlyForDeploymentPostprocessing = 0;
		};
/* End PBXResourcesBuildPhase section */

/* Begin PBXSourcesBuildPhase section */
		6A8EC34326306C4D0042A034 /* Sources */ = {
			isa = PBXSourcesBuildPhase;
			buildActionMask = 2147483647;
			files = (
				6A8EC34D26306C4D0042A034 /* ContentView.swift in Sources */,
				6A8EC34B26306C4D0042A034 /* swiftscrobbleApp.swift in Sources */,
			);
			runOnlyForDeploymentPostprocessing = 0;
		};
		6A8EC35526306C4E0042A034 /* Sources */ = {
			isa = PBXSourcesBuildPhase;
			buildActionMask = 2147483647;
			files = (
				6A8EC35E26306C4E0042A034 /* swiftscrobbleTests.swift in Sources */,
			);
			runOnlyForDeploymentPostprocessing = 0;
		};
		6A8EC36026306C4E0042A034 /* Sources */ = {
			isa = PBXSourcesBuildPhase;
			buildActionMask = 2147483647;
			files = (
				6A8EC36926306C4E0042A034 /* swiftscrobbleUITests.swift in Sources */,
			);
			runOnlyForDeploymentPostprocessing = 0;
		};
/* End PBXSourcesBuildPhase section */

/* Begin PBXTargetDependency section */
		6A8EC35B26306C4E0042A034 /* PBXTargetDependency */ = {
			isa = PBXTargetDependency;
			target = 6A8EC34626306C4D0042A034 /* swiftscrobble */;
			targetProxy = 6A8EC35A26306C4E0042A034 /* PBXContainerItemProxy */;
		};
		6A8EC36626306C4E0042A034 /* PBXTargetDependency */ = {
			isa = PBXTargetDependency;
			target = 6A8EC34626306C4D0042A034 /* swiftscrobble */;
			targetProxy = 6A8EC36526306C4E0042A034 /* PBXContainerItemProxy */;
		};
/* End PBXTargetDependency section */

/* Begin XCBuildConfiguration section */
		6A8EC36B26306C4E0042A034 /* Debug */ = {
			isa = XCBuildConfiguration;
			buildSettings = {
				ALWAYS_SEARCH_USER_PATHS = NO;
				CLANG_ANALYZER_NONNULL = YES;
				CLANG_ANALYZER_NUMBER_OBJECT_CONVERSION = YES_AGGRESSIVE;
				CLANG_CXX_LANGUAGE_STANDARD = "gnu++14";
				CLANG_CXX_LIBRARY = "libc++";
				CLANG_ENABLE_MODULES = YES;
				CLANG_ENABLE_OBJC_ARC = YES;
				CLANG_ENABLE_OBJC_WEAK = YES;
				CLANG_WARN_BLOCK_CAPTURE_AUTORELEASING = YES;
				CLANG_WARN_BOOL_CONVERSION = YES;
				CLANG_WARN_COMMA = YES;
				CLANG_WARN_CONSTANT_CONVERSION = YES;
				CLANG_WARN_DEPRECATED_OBJC_IMPLEMENTATIONS = YES;
				CLANG_WARN_DIRECT_OBJC_ISA_USAGE = YES_ERROR;
				CLANG_WARN_DOCUMENTATION_COMMENTS = YES;
				CLANG_WARN_EMPTY_BODY = YES;
				CLANG_WARN_ENUM_CONVERSION = YES;
				CLANG_WARN_INFINITE_RECURSION = YES;
				CLANG_WARN_INT_CONVERSION = YES;
				CLANG_WARN_NON_LITERAL_NULL_CONVERSION = YES;
				CLANG_WARN_OBJC_IMPLICIT_RETAIN_SELF = YES;
				CLANG_WARN_OBJC_LITERAL_CONVERSION = YES;
				CLANG_WARN_OBJC_ROOT_CLASS = YES_ERROR;
				CLANG_WARN_QUOTED_INCLUDE_IN_FRAMEWORK_HEADER = YES;
				CLANG_WARN_RANGE_LOOP_ANALYSIS = YES;
				CLANG_WARN_STRICT_PROTOTYPES = YES;
				CLANG_WARN_SUSPICIOUS_MOVE = YES;
				CLANG_WARN_UNGUARDED_AVAILABILITY = YES_AGGRESSIVE;
				CLANG_WARN_UNREACHABLE_CODE = YES;
				CLANG_WARN__DUPLICATE_METHOD_MATCH = YES;
				COPY_PHASE_STRIP = NO;
				DEBUG_INFORMATION_FORMAT = dwarf;
				ENABLE_STRICT_OBJC_MSGSEND = YES;
				ENABLE_TESTABILITY = YES;
				GCC_C_LANGUAGE_STANDARD = gnu11;
				GCC_DYNAMIC_NO_PIC = NO;
				GCC_NO_COMMON_BLOCKS = YES;
				GCC_OPTIMIZATION_LEVEL = 0;
				GCC_PREPROCESSOR_DEFINITIONS = (
					"DEBUG=1",
					"$(inherited)",
				);
				GCC_WARN_64_TO_32_BIT_CONVERSION = YES;
				GCC_WARN_ABOUT_RETURN_TYPE = YES_ERROR;
				GCC_WARN_UNDECLARED_SELECTOR = YES;
				GCC_WARN_UNINITIALIZED_AUTOS = YES_AGGRESSIVE;
				GCC_WARN_UNUSED_FUNCTION = YES;
				GCC_WARN_UNUSED_VARIABLE = YES;
				MACOSX_DEPLOYMENT_TARGET = 11.1;
				MTL_ENABLE_DEBUG_INFO = INCLUDE_SOURCE;
				MTL_FAST_MATH = YES;
				ONLY_ACTIVE_ARCH = YES;
				SDKROOT = macosx;
				SWIFT_ACTIVE_COMPILATION_CONDITIONS = DEBUG;
				SWIFT_OPTIMIZATION_LEVEL = "-Onone";
			};
			name = Debug;
		};
		6A8EC36C26306C4E0042A034 /* Release */ = {
			isa = XCBuildConfiguration;
			buildSettings = {
				ALWAYS_SEARCH_USER_PATHS = NO;
				CLANG_ANALYZER_NONNULL = YES;
				CLANG_ANALYZER_NUMBER_OBJECT_CONVERSION = YES_AGGRESSIVE;
				CLANG_CXX_LANGUAGE_STANDARD = "gnu++14";
				CLANG_CXX_LIBRARY = "libc++";
				CLANG_ENABLE_MODULES = YES;
				CLANG_ENABLE_OBJC_ARC = YES;
				CLANG_ENABLE_OBJC_WEAK = YES;
				CLANG_WARN_BLOCK_CAPTURE_AUTORELEASING = YES;
				CLANG_WARN_BOOL_CONVERSION = YES;
				CLANG_WARN_COMMA = YES;
				CLANG_WARN_CONSTANT_CONVERSION = YES;
				CLANG_WARN_DEPRECATED_OBJC_IMPLEMENTATIONS = YES;
				CLANG_WARN_DIRECT_OBJC_ISA_USAGE = YES_ERROR;
				CLANG_WARN_DOCUMENTATION_COMMENTS = YES;
				CLANG_WARN_EMPTY_BODY = YES;
				CLANG_WARN_ENUM_CONVERSION = YES;
				CLANG_WARN_INFINITE_RECURSION = YES;
				CLANG_WARN_INT_CONVERSION = YES;
				CLANG_WARN_NON_LITERAL_NULL_CONVERSION = YES;
				CLANG_WARN_OBJC_IMPLICIT_RETAIN_SELF = YES;
				CLANG_WARN_OBJC_LITERAL_CONVERSION = YES;
				CLANG_WARN_OBJC_ROOT_CLASS = YES_ERROR;
				CLANG_WARN_QUOTED_INCLUDE_IN_FRAMEWORK_HEADER = YES;
				CLANG_WARN_RANGE_LOOP_ANALYSIS = YES;
				CLANG_WARN_STRICT_PROTOTYPES = YES;
				CLANG_WARN_SUSPICIOUS_MOVE = YES;
				CLANG_WARN_UNGUARDED_AVAILABILITY = YES_AGGRESSIVE;
				CLANG_WARN_UNREACHABLE_CODE = YES;
				CLANG_WARN__DUPLICATE_METHOD_MATCH = YES;
				COPY_PHASE_STRIP = NO;
				DEBUG_INFORMATION_FORMAT = "dwarf-with-dsym";
				ENABLE_NS_ASSERTIONS = NO;
				ENABLE_STRICT_OBJC_MSGSEND = YES;
				GCC_C_LANGUAGE_STANDARD = gnu11;
				GCC_NO_COMMON_BLOCKS = YES;
				GCC_WARN_64_TO_32_BIT_CONVERSION = YES;
				GCC_WARN_ABOUT_RETURN_TYPE = YES_ERROR;
				GCC_WARN_UNDECLARED_SELECTOR = YES;
				GCC_WARN_UNINITIALIZED_AUTOS = YES_AGGRESSIVE;
				GCC_WARN_UNUSED_FUNCTION = YES;
				GCC_WARN_UNUSED_VARIABLE = YES;
				MACOSX_DEPLOYMENT_TARGET = 11.1;
				MTL_ENABLE_DEBUG_INFO = NO;
				MTL_FAST_MATH = YES;
				SDKROOT = macosx;
				SWIFT_COMPILATION_MODE = wholemodule;
				SWIFT_OPTIMIZATION_LEVEL = "-O";
			};
			name = Release;
		};
		6A8EC36E26306C4E0042A034 /* Debug */ = {
			isa = XCBuildConfiguration;
			buildSettings = {
				ASSETCATALOG_COMPILER_APPICON_NAME = AppIcon;
				ASSETCATALOG_COMPILER_GLOBAL_ACCENT_COLOR_NAME = AccentColor;
				CODE_SIGN_ENTITLEMENTS = swiftscrobble/swiftscrobble.entitlements;
				CODE_SIGN_IDENTITY = "-";
				CODE_SIGN_STYLE = Automatic;
				COMBINE_HIDPI_IMAGES = YES;
				CURRENT_PROJECT_VERSION = 1;
				DEVELOPMENT_ASSET_PATHS = "\"swiftscrobble/Preview Content\"";
				ENABLE_PREVIEWS = YES;
				INFOPLIST_FILE = swiftscrobble/Info.plist;
				LD_RUNPATH_SEARCH_PATHS = (
					"$(inherited)",
					"@executable_path/../Frameworks",
				);
				MACOSX_DEPLOYMENT_TARGET = 11.0;
				MARKETING_VERSION = "1.0 (20210430.1957)";
				PRODUCT_BUNDLE_IDENTIFIER = djs.swiftscrobble;
				PRODUCT_NAME = "$(TARGET_NAME)";
				SWIFT_VERSION = 5.0;
			};
			name = Debug;
		};
		6A8EC36F26306C4E0042A034 /* Release */ = {
			isa = XCBuildConfiguration;
			buildSettings = {
				ASSETCATALOG_COMPILER_APPICON_NAME = AppIcon;
				ASSETCATALOG_COMPILER_GLOBAL_ACCENT_COLOR_NAME = AccentColor;
				CODE_SIGN_ENTITLEMENTS = swiftscrobble/swiftscrobble.entitlements;
				CODE_SIGN_IDENTITY = "-";
				CODE_SIGN_STYLE = Automatic;
				COMBINE_HIDPI_IMAGES = YES;
				CURRENT_PROJECT_VERSION = 1;
				DEVELOPMENT_ASSET_PATHS = "\"swiftscrobble/Preview Content\"";
				ENABLE_PREVIEWS = YES;
				INFOPLIST_FILE = swiftscrobble/Info.plist;
				LD_RUNPATH_SEARCH_PATHS = (
					"$(inherited)",
					"@executable_path/../Frameworks",
				);
				MACOSX_DEPLOYMENT_TARGET = 11.0;
				MARKETING_VERSION = "1.0 (20210430.1957)";
				PRODUCT_BUNDLE_IDENTIFIER = djs.swiftscrobble;
				PRODUCT_NAME = "$(TARGET_NAME)";
				SWIFT_VERSION = 5.0;
			};
			name = Release;
		};
		6A8EC37126306C4E0042A034 /* Debug */ = {
			isa = XCBuildConfiguration;
			buildSettings = {
				ALWAYS_EMBED_SWIFT_STANDARD_LIBRARIES = YES;
				BUNDLE_LOADER = "$(TEST_HOST)";
				CODE_SIGN_STYLE = Automatic;
				COMBINE_HIDPI_IMAGES = YES;
				INFOPLIST_FILE = swiftscrobbleTests/Info.plist;
				LD_RUNPATH_SEARCH_PATHS = (
					"$(inherited)",
					"@executable_path/../Frameworks",
					"@loader_path/../Frameworks",
				);
				MACOSX_DEPLOYMENT_TARGET = 11.0;
				PRODUCT_BUNDLE_IDENTIFIER = djs.swiftscrobbleTests;
				PRODUCT_NAME = "$(TARGET_NAME)";
				SWIFT_VERSION = 5.0;
				TEST_HOST = "$(BUILT_PRODUCTS_DIR)/swiftscrobble.app/Contents/MacOS/swiftscrobble";
			};
			name = Debug;
		};
		6A8EC37226306C4E0042A034 /* Release */ = {
			isa = XCBuildConfiguration;
			buildSettings = {
				ALWAYS_EMBED_SWIFT_STANDARD_LIBRARIES = YES;
				BUNDLE_LOADER = "$(TEST_HOST)";
				CODE_SIGN_STYLE = Automatic;
				COMBINE_HIDPI_IMAGES = YES;
				INFOPLIST_FILE = swiftscrobbleTests/Info.plist;
				LD_RUNPATH_SEARCH_PATHS = (
					"$(inherited)",
					"@executable_path/../Frameworks",
					"@loader_path/../Frameworks",
				);
				MACOSX_DEPLOYMENT_TARGET = 11.0;
				PRODUCT_BUNDLE_IDENTIFIER = djs.swiftscrobbleTests;
				PRODUCT_NAME = "$(TARGET_NAME)";
				SWIFT_VERSION = 5.0;
				TEST_HOST = "$(BUILT_PRODUCTS_DIR)/swiftscrobble.app/Contents/MacOS/swiftscrobble";
			};
			name = Release;
		};
		6A8EC37426306C4E0042A034 /* Debug */ = {
			isa = XCBuildConfiguration;
			buildSettings = {
				ALWAYS_EMBED_SWIFT_STANDARD_LIBRARIES = YES;
				CODE_SIGN_STYLE = Automatic;
				COMBINE_HIDPI_IMAGES = YES;
				INFOPLIST_FILE = swiftscrobbleUITests/Info.plist;
				LD_RUNPATH_SEARCH_PATHS = (
					"$(inherited)",
					"@executable_path/../Frameworks",
					"@loader_path/../Frameworks",
				);
				PRODUCT_BUNDLE_IDENTIFIER = djs.swiftscrobbleUITests;
				PRODUCT_NAME = "$(TARGET_NAME)";
				SWIFT_VERSION = 5.0;
				TEST_TARGET_NAME = swiftscrobble;
			};
			name = Debug;
		};
		6A8EC37526306C4E0042A034 /* Release */ = {
			isa = XCBuildConfiguration;
			buildSettings = {
				ALWAYS_EMBED_SWIFT_STANDARD_LIBRARIES = YES;
				CODE_SIGN_STYLE = Automatic;
				COMBINE_HIDPI_IMAGES = YES;
				INFOPLIST_FILE = swiftscrobbleUITests/Info.plist;
				LD_RUNPATH_SEARCH_PATHS = (
					"$(inherited)",
					"@executable_path/../Frameworks",
					"@loader_path/../Frameworks",
				);
				PRODUCT_BUNDLE_IDENTIFIER = djs.swiftscrobbleUITests;
				PRODUCT_NAME = "$(TARGET_NAME)";
				SWIFT_VERSION = 5.0;
				TEST_TARGET_NAME = swiftscrobble;
			};
			name = Release;
		};
/* End XCBuildConfiguration section */

/* Begin XCConfigurationList section */
		6A8EC34226306C4D0042A034 /* Build configuration list for PBXProject "swiftscrobble" */ = {
			isa = XCConfigurationList;
			buildConfigurations = (
				6A8EC36B26306C4E0042A034 /* Debug */,
				6A8EC36C26306C4E0042A034 /* Release */,
			);
			defaultConfigurationIsVisible = 0;
			defaultConfigurationName = Release;
		};
		6A8EC36D26306C4E0042A034 /* Build configuration list for PBXNativeTarget "swiftscrobble" */ = {
			isa = XCConfigurationList;
			buildConfigurations = (
				6A8EC36E26306C4E0042A034 /* Debug */,
				6A8EC36F26306C4E0042A034 /* Release */,
			);
			defaultConfigurationIsVisible = 0;
			defaultConfigurationName = Release;
		};
		6A8EC37026306C4E0042A034 /* Build configuration list for PBXNativeTarget "swiftscrobbleTests" */ = {
			isa = XCConfigurationList;
			buildConfigurations = (
				6A8EC37126306C4E0042A034 /* Debug */,
				6A8EC37226306C4E0042A034 /* Release */,
			);
			defaultConfigurationIsVisible = 0;
			defaultConfigurationName = Release;
		};
		6A8EC37326306C4E0042A034 /* Build configuration list for PBXNativeTarget "swiftscrobbleUITests" */ = {
			isa = XCConfigurationList;
			buildConfigurations = (
				6A8EC37426306C4E0042A034 /* Debug */,
				6A8EC37526306C4E0042A034 /* Release */,
			);
			defaultConfigurationIsVisible = 0;
			defaultConfigurationName = Release;
		};
/* End XCConfigurationList section */
	};
	rootObject = 6A8EC33F26306C4D0042A034 /* Project object */;
}
